// !$*UTF8*$!
{
	archiveVersion = 1;
	classes = {
	};
	objectVersion = 46;
	objects = {

/* Begin PBXBuildFile section */
		1140AC9F1D552BBE00D913A9 /* AppDelegate.swift in Sources */ = {isa = PBXBuildFile; fileRef = 1140AC9E1D552BBE00D913A9 /* AppDelegate.swift */; };
		1140ACA41D552BBE00D913A9 /* Main.storyboard in Resources */ = {isa = PBXBuildFile; fileRef = 1140ACA21D552BBE00D913A9 /* Main.storyboard */; };
		1140ACA61D552BBE00D913A9 /* Assets.xcassets in Resources */ = {isa = PBXBuildFile; fileRef = 1140ACA51D552BBE00D913A9 /* Assets.xcassets */; };
		1140ACA91D552BBE00D913A9 /* LaunchScreen.storyboard in Resources */ = {isa = PBXBuildFile; fileRef = 1140ACA71D552BBE00D913A9 /* LaunchScreen.storyboard */; };
		1140ACB11D552C2400D913A9 /* TutorialPageVC.swift in Sources */ = {isa = PBXBuildFile; fileRef = 1140ACB01D552C2400D913A9 /* TutorialPageVC.swift */; };
		1140ACB71D55369200D913A9 /* TutorialVC.swift in Sources */ = {isa = PBXBuildFile; fileRef = 1140ACB61D55369200D913A9 /* TutorialVC.swift */; };
/* End PBXBuildFile section */

/* Begin PBXFileReference section */
		1140AC9B1D552BBE00D913A9 /* page-view.app */ = {isa = PBXFileReference; explicitFileType = wrapper.application; includeInIndex = 0; path = "page-view.app"; sourceTree = BUILT_PRODUCTS_DIR; };
		1140AC9E1D552BBE00D913A9 /* AppDelegate.swift */ = {isa = PBXFileReference; lastKnownFileType = sourcecode.swift; path = AppDelegate.swift; sourceTree = "<group>"; };
		1140ACA31D552BBE00D913A9 /* Base */ = {isa = PBXFileReference; lastKnownFileType = file.storyboard; name = Base; path = Base.lproj/Main.storyboard; sourceTree = "<group>"; };
		1140ACA51D552BBE00D913A9 /* Assets.xcassets */ = {isa = PBXFileReference; lastKnownFileType = folder.assetcatalog; path = Assets.xcassets; sourceTree = "<group>"; };
		1140ACA81D552BBE00D913A9 /* Base */ = {isa = PBXFileReference; lastKnownFileType = file.storyboard; name = Base; path = Base.lproj/LaunchScreen.storyboard; sourceTree = "<group>"; };
		1140ACAA1D552BBE00D913A9 /* Info.plist */ = {isa = PBXFileReference; lastKnownFileType = text.plist.xml; path = Info.plist; sourceTree = "<group>"; };
		1140ACB01D552C2400D913A9 /* TutorialPageVC.swift */ = {isa = PBXFileReference; fileEncoding = 4; lastKnownFileType = sourcecode.swift; path = TutorialPageVC.swift; sourceTree = "<group>"; };
		1140ACB61D55369200D913A9 /* TutorialVC.swift */ = {isa = PBXFileReference; fileEncoding = 4; lastKnownFileType = sourcecode.swift; path = TutorialVC.swift; sourceTree = "<group>"; };
/* End PBXFileReference section */

/* Begin PBXFrameworksBuildPhase section */
		1140AC981D552BBE00D913A9 /* Frameworks */ = {
			isa = PBXFrameworksBuildPhase;
			buildActionMask = 2147483647;
			files = (
			);
			runOnlyForDeploymentPostprocessing = 0;
		};
/* End PBXFrameworksBuildPhase section */

/* Begin PBXGroup section */
		1140AC921D552BBE00D913A9 = {
			isa = PBXGroup;
			children = (
				1140AC9D1D552BBE00D913A9 /* page-view */,
				1140AC9C1D552BBE00D913A9 /* Products */,
			);
			sourceTree = "<group>";
		};
		1140AC9C1D552BBE00D913A9 /* Products */ = {
			isa = PBXGroup;
			children = (
				1140AC9B1D552BBE00D913A9 /* page-view.app */,
			);
			name = Products;
			sourceTree = "<group>";
		};
		1140AC9D1D552BBE00D913A9 /* page-view */ = {
			isa = PBXGroup;
			children = (
				1140ACB01D552C2400D913A9 /* TutorialPageVC.swift */,
				1140ACB61D55369200D913A9 /* TutorialVC.swift */,
				1140ACA21D552BBE00D913A9 /* Main.storyboard */,
				1140ACA51D552BBE00D913A9 /* Assets.xcassets */,
				1140AC9E1D552BBE00D913A9 /* AppDelegate.swift */,
				1140ACA71D552BBE00D913A9 /* LaunchScreen.storyboard */,
				1140ACAA1D552BBE00D913A9 /* Info.plist */,
			);
			path = "page-view";
			sourceTree = "<group>";
		};
/* End PBXGroup section */

/* Begin PBXNativeTarget section */
		1140AC9A1D552BBE00D913A9 /* page-view */ = {
			isa = PBXNativeTarget;
			buildConfigurationList = 1140ACAD1D552BBE00D913A9 /* Build configuration list for PBXNativeTarget "page-view" */;
			buildPhases = (
				1140AC971D552BBE00D913A9 /* Sources */,
				1140AC981D552BBE00D913A9 /* Frameworks */,
				1140AC991D552BBE00D913A9 /* Resources */,
			);
			buildRules = (
			);
			dependencies = (
			);
			name = "page-view";
			productName = "page-view";
			productReference = 1140AC9B1D552BBE00D913A9 /* page-view.app */;
			productType = "com.apple.product-type.application";
		};
/* End PBXNativeTarget section */

/* Begin PBXProject section */
		1140AC931D552BBE00D913A9 /* Project object */ = {
			isa = PBXProject;
			attributes = {
				LastSwiftUpdateCheck = 0730;
				LastUpgradeCheck = 0730;
				ORGANIZATIONNAME = "Vyacheslav Horbach";
				TargetAttributes = {
					1140AC9A1D552BBE00D913A9 = {
						CreatedOnToolsVersion = 7.3.1;
					};
				};
			};
			buildConfigurationList = 1140AC961D552BBE00D913A9 /* Build configuration list for PBXProject "page-view" */;
			compatibilityVersion = "Xcode 3.2";
			developmentRegion = English;
			hasScannedForEncodings = 0;
			knownRegions = (
				en,
				Base,
			);
			mainGroup = 1140AC921D552BBE00D913A9;
			productRefGroup = 1140AC9C1D552BBE00D913A9 /* Products */;
			projectDirPath = "";
			projectRoot = "";
			targets = (
				1140AC9A1D552BBE00D913A9 /* page-view */,
			);
		};
/* End PBXProject section */

/* Begin PBXResourcesBuildPhase section */
		1140AC991D552BBE00D913A9 /* Resources */ = {
			isa = PBXResourcesBuildPhase;
			buildActionMask = 2147483647;
			files = (
				1140ACA91D552BBE00D913A9 /* LaunchScreen.storyboard in Resources */,
				1140ACA61D552BBE00D913A9 /* Assets.xcassets in Resources */,
				1140ACA41D552BBE00D913A9 /* Main.storyboard in Resources */,
			);
			runOnlyForDeploymentPostprocessing = 0;
		};
/* End PBXResourcesBuildPhase section */

/* Begin PBXSourcesBuildPhase section */
		1140AC971D552BBE00D913A9 /* Sources */ = {
			isa = PBXSourcesBuildPhase;
			buildActionMask = 2147483647;
			files = (
				1140ACB71D55369200D913A9 /* TutorialVC.swift in Sources */,
				1140AC9F1D552BBE00D913A9 /* AppDelegate.swift in Sources */,
				1140ACB11D552C2400D913A9 /* TutorialPageVC.swift in Sources */,
			);
			runOnlyForDeploymentPostprocessing = 0;
		};
/* End PBXSourcesBuildPhase section */

/* Begin PBXVariantGroup section */
		1140ACA21D552BBE00D913A9 /* Main.storyboard */ = {
			isa = PBXVariantGroup;
			children = (
				1140ACA31D552BBE00D913A9 /* Base */,
			);
			name = Main.storyboard;
			sourceTree = "<group>";
		};
		1140ACA71D552BBE00D913A9 /* LaunchScreen.storyboard */ = {
			isa = PBXVariantGroup;
			children = (
				1140ACA81D552BBE00D913A9 /* Base */,
			);
			name = LaunchScreen.storyboard;
			sourceTree = "<group>";
		};
/* End PBXVariantGroup section */

/* Begin XCBuildConfiguration section */
		1140ACAB1D552BBE00D913A9 /* Debug */ = {
			isa = XCBuildConfiguration;
			buildSettings = {
				ALWAYS_SEARCH_USER_PATHS = NO;
				CLANG_ANALYZER_NONNULL = YES;
				CLANG_CXX_LANGUAGE_STANDARD = "gnu++0x";
				CLANG_CXX_LIBRARY = "libc++";
				CLANG_ENABLE_MODULES = YES;
				CLANG_ENABLE_OBJC_ARC = YES;
				CLANG_WARN_BOOL_CONVERSION = YES;
				CLANG_WARN_CONSTANT_CONVERSION = YES;
				CLANG_WARN_DIRECT_OBJC_ISA_USAGE = YES_ERROR;
				CLANG_WARN_EMPTY_BODY = YES;
				CLANG_WARN_ENUM_CONVERSION = YES;
				CLANG_WARN_INT_CONVERSION = YES;
				CLANG_WARN_OBJC_ROOT_CLASS = YES_ERROR;
				CLANG_WARN_UNREACHABLE_CODE = YES;
				CLANG_WARN__DUPLICATE_METHOD_MATCH = YES;
				"CODE_SIGN_IDENTITY[sdk=iphoneos*]" = "iPhone Developer";
				COPY_PHASE_STRIP = NO;
				DEBUG_INFORMATION_FORMAT = dwarf;
				ENABLE_STRICT_OBJC_MSGSEND = YES;
				ENABLE_TESTABILITY = YES;
				GCC_C_LANGUAGE_STANDARD = gnu99;
				GCC_DYNAMIC_NO_PIC = NO;
				GCC_NO_COMMON_BLOCKS = YES;
				GCC_OPTIMIZATION_LEVEL = 0;
				GCC_PREPROCESSOR_DEFINITIONS = (
					"DEBUG=1",
					"$(inherited)",
				);
				GCC_WARN_64_TO_32_BIT_CONVERSION = YES;
				GCC_WARN_ABOUT_RETURN_TYPE = YES_ERROR;
				GCC_WARN_UNDECLARED_SELECTOR = YES;
				GCC_WARN_UNINITIALIZED_AUTOS = YES_AGGRESSIVE;
				GCC_WARN_UNUSED_FUNCTION = YES;
				GCC_WARN_UNUSED_VARIABLE = YES;
				IPHONEOS_DEPLOYMENT_TARGET = 9.3;
				MTL_ENABLE_DEBUG_INFO = YES;
				ONLY_ACTIVE_ARCH = YES;
				SDKROOT = iphoneos;
				SWIFT_OPTIMIZATION_LEVEL = "-Onone";
				TARGETED_DEVICE_FAMILY = "1,2";
			};
			name = Debug;
		};
		1140ACAC1D552BBE00D913A9 /* Release */ = {
			isa = XCBuildConfiguration;
			buildSettings = {
				ALWAYS_SEARCH_USER_PATHS = NO;
				CLANG_ANALYZER_NONNULL = YES;
				CLANG_CXX_LANGUAGE_STANDARD = "gnu++0x";
				CLANG_CXX_LIBRARY = "libc++";
				CLANG_ENABLE_MODULES = YES;
				CLANG_ENABLE_OBJC_ARC = YES;
				CLANG_WARN_BOOL_CONVERSION = YES;
				CLANG_WARN_CONSTANT_CONVERSION = YES;
				CLANG_WARN_DIRECT_OBJC_ISA_USAGE = YES_ERROR;
				CLANG_WARN_EMPTY_BODY = YES;
				CLANG_WARN_ENUM_CONVERSION = YES;
				CLANG_WARN_INT_CONVERSION = YES;
				CLANG_WARN_OBJC_ROOT_CLASS = YES_ERROR;
				CLANG_WARN_UNREACHABLE_CODE = YES;
				CLANG_WARN__DUPLICATE_METHOD_MATCH = YES;
				"CODE_SIGN_IDENTITY[sdk=iphoneos*]" = "iPhone Developer";
				COPY_PHASE_STRIP = NO;
				DEBUG_INFORMATION_FORMAT = "dwarf-with-dsym";
				ENABLE_NS_ASSERTIONS = NO;
				ENABLE_STRICT_OBJC_MSGSEND = YES;
				GCC_C_LANGUAGE_STANDARD = gnu99;
				GCC_NO_COMMON_BLOCKS = YES;
				GCC_WARN_64_TO_32_BIT_CONVERSION = YES;
				GCC_WARN_ABOUT_RETURN_TYPE = YES_ERROR;
				GCC_WARN_UNDECLARED_SELECTOR = YES;
				GCC_WARN_UNINITIALIZED_AUTOS = YES_AGGRESSIVE;
				GCC_WARN_UNUSED_FUNCTION = YES;
				GCC_WARN_UNUSED_VARIABLE = YES;
				IPHONEOS_DEPLOYMENT_TARGET = 9.3;
				MTL_ENABLE_DEBUG_INFO = NO;
				SDKROOT = iphoneos;
				TARGETED_DEVICE_FAMILY = "1,2";
				VALIDATE_PRODUCT = YES;
			};
			name = Release;
		};
		1140ACAE1D552BBE00D913A9 /* Debug */ = {
			isa = XCBuildConfiguration;
			buildSettings = {
				ASSETCATALOG_COMPILER_APPICON_NAME = AppIcon;
				INFOPLIST_FILE = "page-view/Info.plist";
				LD_RUNPATH_SEARCH_PATHS = "$(inherited) @executable_path/Frameworks";
				PRODUCT_BUNDLE_IDENTIFIER = "com.VyacheslavHorbach.page-view";
				PRODUCT_NAME = "$(TARGET_NAME)";
			};
			name = Debug;
		};
		1140ACAF1D552BBE00D913A9 /* Release */ = {
			isa = XCBuildConfiguration;
			buildSettings = {
				ASSETCATALOG_COMPILER_APPICON_NAME = AppIcon;
				INFOPLIST_FILE = "page-view/Info.plist";
				LD_RUNPATH_SEARCH_PATHS = "$(inherited) @executable_path/Frameworks";
				PRODUCT_BUNDLE_IDENTIFIER = "com.VyacheslavHorbach.page-view";
				PRODUCT_NAME = "$(TARGET_NAME)";
			};
			name = Release;
		};
/* End XCBuildConfiguration section */

/* Begin XCConfigurationList section */
		1140AC961D552BBE00D913A9 /* Build configuration list for PBXProject "page-view" */ = {
			isa = XCConfigurationList;
			buildConfigurations = (
				1140ACAB1D552BBE00D913A9 /* Debug */,
				1140ACAC1D552BBE00D913A9 /* Release */,
			);
			defaultConfigurationIsVisible = 0;
			defaultConfigurationName = Release;
		};
		1140ACAD1D552BBE00D913A9 /* Build configuration list for PBXNativeTarget "page-view" */ = {
			isa = XCConfigurationList;
			buildConfigurations = (
				1140ACAE1D552BBE00D913A9 /* Debug */,
				1140ACAF1D552BBE00D913A9 /* Release */,
			);
			defaultConfigurationIsVisible = 0;
		};
/* End XCConfigurationList section */
	};
	rootObject = 1140AC931D552BBE00D913A9 /* Project object */;
}
